
Microsoft Visual Studio Solution File, Format Version 12.00
# Visual Studio Version 16
VisualStudioVersion = 16.0.30717.126
MinimumVisualStudioVersion = 10.0.40219.1
Project("{FAE04EC0-301F-11D3-BF4B-00C04F79EFBC}") = "ClassMetotDemo", "ClassMetotDemo\ClassMetotDemo.csproj", "{0E95CC5A-67B5-4F1A-9ADA-8B17F18EFE99}"
EndProject
Global
	GlobalSection(SolutionConfigurationPlatforms) = preSolution
		Debug|Any CPU = Debug|Any CPU
		Release|Any CPU = Release|Any CPU
	EndGlobalSection
	GlobalSection(ProjectConfigurationPlatforms) = postSolution
		{0E95CC5A-67B5-4F1A-9ADA-8B17F18EFE99}.Debug|Any CPU.ActiveCfg = Debug|Any CPU
		{0E95CC5A-67B5-4F1A-9ADA-8B17F18EFE99}.Debug|Any CPU.Build.0 = Debug|Any CPU
		{0E95CC5A-67B5-4F1A-9ADA-8B17F18EFE99}.Release|Any CPU.ActiveCfg = Release|Any CPU
		{0E95CC5A-67B5-4F1A-9ADA-8B17F18EFE99}.Release|Any CPU.Build.0 = Release|Any CPU
	EndGlobalSection
	GlobalSection(SolutionProperties) = preSolution
		HideSolutionNode = FALSE
	EndGlobalSection
	GlobalSection(ExtensibilityGlobals) = postSolution
		SolutionGuid = {3233F924-F5C9-4198-A750-DB5213F36498}
	EndGlobalSection
EndGlobal
